{
    "version": 3,
    "terraform_version": "0.9.3",
    "serial": 7,
    "lineage": "8ffe0812-d484-4f58-a8c5-d9ddf5bd9edd",
    "modules": [
        {
            "path": [
                "root"
            ],
            "outputs": {},
            "resources": {
                "aws_autoscaling_group.autoscaling_group": {
                    "type": "aws_autoscaling_group",
                    "depends_on": [
                        "aws_launch_configuration.launch_configuration"
                    ],
                    "primary": {
                        "id": "w2-asg",
                        "attributes": {
                            "arn": "arn:aws:autoscaling:us-east-1:414800126816:autoScalingGroup:eedaaa6a-2033-4524-a6f4-4e37a6a7edde:autoScalingGroupName/w2-asg",
                            "availability_zones.#": "1",
                            "availability_zones.986537655": "us-east-1c",
                            "default_cooldown": "60",
                            "desired_capacity": "1",
                            "force_delete": "false",
                            "health_check_grace_period": "300",
                            "health_check_type": "EC2",
                            "id": "w2-asg",
                            "launch_configuration": "terraform-00c57a75f509f62dca9655328e",
                            "load_balancers.#": "0",
                            "max_size": "3",
                            "metrics_granularity": "1Minute",
                            "min_size": "1",
                            "name": "w2-asg",
                            "placement_group": "",
                            "protect_from_scale_in": "false",
                            "suspended_processes.#": "0",
                            "tag.#": "1",
                            "tag.2702455603.key": "Name",
                            "tag.2702455603.propagate_at_launch": "true",
                            "tag.2702455603.value": "soa-workshop2",
                            "target_group_arns.#": "0",
                            "termination_policies.#": "0",
                            "vpc_zone_identifier.#": "1",
                            "vpc_zone_identifier.1375725387": "subnet-97de4ff2",
                            "wait_for_capacity_timeout": "10m"
                        },
                        "meta": {},
                        "tainted": false
                    },
                    "deposed": [],
                    "provider": ""
                },
                "aws_autoscaling_notification.autoscaling_notification": {
                    "type": "aws_autoscaling_notification",
                    "depends_on": [
                        "aws_autoscaling_group.autoscaling_group",
                        "aws_sns_topic.w3-sns"
                    ],
                    "primary": {
                        "id": "arn:aws:sns:us-east-1:414800126816:w3-sns",
                        "attributes": {
                            "group_names.#": "1",
                            "group_names.2962063110": "w2-asg",
                            "id": "arn:aws:sns:us-east-1:414800126816:w3-sns",
                            "notifications.#": "2",
                            "notifications.3116970575": "autoscaling:EC2_INSTANCE_TERMINATE",
                            "notifications.4098158487": "autoscaling:EC2_INSTANCE_LAUNCH",
                            "topic_arn": "arn:aws:sns:us-east-1:414800126816:w3-sns"
                        },
                        "meta": {},
                        "tainted": false
                    },
                    "deposed": [],
                    "provider": ""
                },
                "aws_autoscaling_policy.autoscale_group_policy_down_x1": {
                    "type": "aws_autoscaling_policy",
                    "depends_on": [
                        "aws_autoscaling_group.autoscaling_group"
                    ],
                    "primary": {
                        "id": "autoscale_group_policy_down_x1",
                        "attributes": {
                            "adjustment_type": "ChangeInCapacity",
                            "arn": "arn:aws:autoscaling:us-east-1:414800126816:scalingPolicy:03b9e547-d40a-4860-8d2a-c6c4a5c4deaa:autoScalingGroupName/w2-asg:policyName/autoscale_group_policy_down_x1",
                            "autoscaling_group_name": "w2-asg",
                            "cooldown": "60",
                            "estimated_instance_warmup": "0",
                            "id": "autoscale_group_policy_down_x1",
                            "metric_aggregation_type": "",
                            "min_adjustment_step": "0",
                            "name": "autoscale_group_policy_down_x1",
                            "policy_type": "SimpleScaling",
                            "scaling_adjustment": "-1",
                            "step_adjustment.#": "0"
                        },
                        "meta": {},
                        "tainted": false
                    },
                    "deposed": [],
                    "provider": ""
                },
                "aws_autoscaling_policy.autoscale_group_policy_up_x1": {
                    "type": "aws_autoscaling_policy",
                    "depends_on": [
                        "aws_autoscaling_group.autoscaling_group"
                    ],
                    "primary": {
                        "id": "autoscale_group_policy_up_x1",
                        "attributes": {
                            "adjustment_type": "ChangeInCapacity",
                            "arn": "arn:aws:autoscaling:us-east-1:414800126816:scalingPolicy:be2bc6aa-022f-466a-9341-54e0dc465b4a:autoScalingGroupName/w2-asg:policyName/autoscale_group_policy_up_x1",
                            "autoscaling_group_name": "w2-asg",
                            "cooldown": "60",
                            "estimated_instance_warmup": "0",
                            "id": "autoscale_group_policy_up_x1",
                            "metric_aggregation_type": "",
                            "min_adjustment_step": "0",
                            "name": "autoscale_group_policy_up_x1",
                            "policy_type": "SimpleScaling",
                            "scaling_adjustment": "1",
                            "step_adjustment.#": "0"
                        },
                        "meta": {},
                        "tainted": false
                    },
                    "deposed": [],
                    "provider": ""
                },
                "aws_cloudwatch_metric_alarm.cpu_high_alarm": {
                    "type": "aws_cloudwatch_metric_alarm",
                    "depends_on": [
                        "aws_autoscaling_group.autoscaling_group",
                        "aws_autoscaling_policy.autoscale_group_policy_up_x1"
                    ],
                    "primary": {
                        "id": "w2-alarm-cpu-high",
                        "attributes": {
                            "actions_enabled": "true",
                            "alarm_actions.#": "1",
                            "alarm_actions.2122580942": "arn:aws:autoscaling:us-east-1:414800126816:scalingPolicy:be2bc6aa-022f-466a-9341-54e0dc465b4a:autoScalingGroupName/w2-asg:policyName/autoscale_group_policy_up_x1",
                            "alarm_description": "This alarm triggers when CPU load in Autoscaling group is high.",
                            "alarm_name": "w2-alarm-cpu-high",
                            "comparison_operator": "GreaterThanOrEqualToThreshold",
                            "dimensions.%": "1",
                            "dimensions.AutoScalingGroupName": "w2-asg",
                            "evaluate_low_sample_count_percentiles": "",
                            "evaluation_periods": "1",
                            "extended_statistic": "",
                            "id": "w2-alarm-cpu-high",
                            "insufficient_data_actions.#": "0",
                            "metric_name": "CPUUtilization",
                            "namespace": "AWS/EC2",
                            "ok_actions.#": "0",
                            "period": "60",
                            "statistic": "Average",
                            "threshold": "40",
                            "treat_missing_data": "missing",
                            "unit": ""
                        },
                        "meta": {
                            "schema_version": "1"
                        },
                        "tainted": false
                    },
                    "deposed": [],
                    "provider": ""
                },
                "aws_cloudwatch_metric_alarm.log_high_alarm": {
                    "type": "aws_cloudwatch_metric_alarm",
                    "depends_on": [
                        "aws_autoscaling_group.autoscaling_group",
                        "aws_autoscaling_policy.autoscale_group_policy_down_x1"
                    ],
                    "primary": {
                        "id": "w2-alarm-cpu-low",
                        "attributes": {
                            "actions_enabled": "true",
                            "alarm_actions.#": "1",
                            "alarm_actions.2557628899": "arn:aws:autoscaling:us-east-1:414800126816:scalingPolicy:03b9e547-d40a-4860-8d2a-c6c4a5c4deaa:autoScalingGroupName/w2-asg:policyName/autoscale_group_policy_down_x1",
                            "alarm_description": "This alarm triggers when CPU load in Autoscaling group is low.",
                            "alarm_name": "w2-alarm-cpu-low",
                            "comparison_operator": "LessThanOrEqualToThreshold",
                            "dimensions.%": "1",
                            "dimensions.AutoScalingGroupName": "w2-asg",
                            "evaluate_low_sample_count_percentiles": "",
                            "evaluation_periods": "1",
                            "extended_statistic": "",
                            "id": "w2-alarm-cpu-low",
                            "insufficient_data_actions.#": "0",
                            "metric_name": "CPUUtilization",
                            "namespace": "AWS/EC2",
                            "ok_actions.#": "0",
                            "period": "60",
                            "statistic": "Average",
                            "threshold": "35",
                            "treat_missing_data": "missing",
                            "unit": ""
                        },
                        "meta": {
                            "schema_version": "1"
                        },
                        "tainted": false
                    },
                    "deposed": [],
                    "provider": ""
                },
                "aws_launch_configuration.launch_configuration": {
                    "type": "aws_launch_configuration",
                    "depends_on": [
                        "aws_security_group.w2_security_group"
                    ],
                    "primary": {
                        "id": "terraform-00c57a75f509f62dca9655328e",
                        "attributes": {
                            "associate_public_ip_address": "false",
                            "ebs_block_device.#": "0",
                            "ebs_optimized": "false",
                            "enable_monitoring": "true",
                            "ephemeral_block_device.#": "0",
                            "iam_instance_profile": "",
                            "id": "terraform-00c57a75f509f62dca9655328e",
                            "image_id": "ami-cb2305a1",
                            "instance_type": "t2.micro",
                            "key_name": "",
                            "name": "terraform-00c57a75f509f62dca9655328e",
                            "root_block_device.#": "0",
                            "security_groups.#": "1",
                            "security_groups.3774018738": "sg-2caf1352",
                            "spot_price": "",
                            "user_data": "b5b123f87648a36ce4f8d44ea1a40099bef024e6",
                            "vpc_classic_link_id": "",
                            "vpc_classic_link_security_groups.#": "0"
                        },
                        "meta": {},
                        "tainted": false
                    },
                    "deposed": [],
                    "provider": ""
                },
                "aws_security_group.w2_security_group": {
                    "type": "aws_security_group",
                    "depends_on": [],
                    "primary": {
                        "id": "sg-2caf1352",
                        "attributes": {
                            "description": "W2 security group.",
                            "egress.#": "1",
                            "egress.482069346.cidr_blocks.#": "1",
                            "egress.482069346.cidr_blocks.0": "0.0.0.0/0",
                            "egress.482069346.from_port": "0",
                            "egress.482069346.ipv6_cidr_blocks.#": "0",
                            "egress.482069346.prefix_list_ids.#": "0",
                            "egress.482069346.protocol": "-1",
                            "egress.482069346.security_groups.#": "0",
                            "egress.482069346.self": "false",
                            "egress.482069346.to_port": "0",
                            "id": "sg-2caf1352",
                            "ingress.#": "1",
                            "ingress.2541437006.cidr_blocks.#": "1",
                            "ingress.2541437006.cidr_blocks.0": "0.0.0.0/0",
                            "ingress.2541437006.from_port": "22",
                            "ingress.2541437006.ipv6_cidr_blocks.#": "0",
                            "ingress.2541437006.protocol": "tcp",
                            "ingress.2541437006.security_groups.#": "0",
                            "ingress.2541437006.self": "false",
                            "ingress.2541437006.to_port": "22",
                            "name": "terraform-00c57a75f509f62dca9655328d",
                            "owner_id": "414800126816",
                            "tags.%": "0",
                            "vpc_id": "vpc-36b13050"
                        },
                        "meta": {},
                        "tainted": false
                    },
                    "deposed": [],
                    "provider": ""
                },
                "aws_sns_topic.w3-sns": {
                    "type": "aws_sns_topic",
                    "depends_on": [],
                    "primary": {
                        "id": "arn:aws:sns:us-east-1:414800126816:w3-sns",
                        "attributes": {
                            "arn": "arn:aws:sns:us-east-1:414800126816:w3-sns",
                            "display_name": "",
                            "id": "arn:aws:sns:us-east-1:414800126816:w3-sns",
                            "name": "w3-sns",
                            "policy": "{\"Id\":\"__default_policy_ID\",\"Statement\":[{\"Action\":[\"SNS:GetTopicAttributes\",\"SNS:SetTopicAttributes\",\"SNS:AddPermission\",\"SNS:RemovePermission\",\"SNS:DeleteTopic\",\"SNS:Subscribe\",\"SNS:ListSubscriptionsByTopic\",\"SNS:Publish\",\"SNS:Receive\"],\"Condition\":{\"StringEquals\":{\"AWS:SourceOwner\":\"414800126816\"}},\"Effect\":\"Allow\",\"Principal\":{\"AWS\":\"*\"},\"Resource\":\"arn:aws:sns:us-east-1:414800126816:w3-sns\",\"Sid\":\"__default_statement_ID\"}],\"Version\":\"2008-10-17\"}"
                        },
                        "meta": {},
                        "tainted": false
                    },
                    "deposed": [],
                    "provider": ""
                }
            },
            "depends_on": []
        }
    ]
}
